
Microsoft Visual Studio Solution File, Format Version 12.00
# Visual Studio 15
VisualStudioVersion = 15.0.28307.572
MinimumVisualStudioVersion = 10.0.40219.1
Project("{FAE04EC0-301F-11D3-BF4B-00C04F79EFBC}") = "Recarga", "Recarga\Recarga.csproj", "{29D1324E-EF5B-4E2C-A4DF-10FDD23A2AA2}"
EndProject
Global
	GlobalSection(SolutionConfigurationPlatforms) = preSolution
		Debug|Any CPU = Debug|Any CPU
		Release|Any CPU = Release|Any CPU
	EndGlobalSection
	GlobalSection(ProjectConfigurationPlatforms) = postSolution
		{29D1324E-EF5B-4E2C-A4DF-10FDD23A2AA2}.Debug|Any CPU.ActiveCfg = Debug|Any CPU
		{29D1324E-EF5B-4E2C-A4DF-10FDD23A2AA2}.Debug|Any CPU.Build.0 = Debug|Any CPU
		{29D1324E-EF5B-4E2C-A4DF-10FDD23A2AA2}.Release|Any CPU.ActiveCfg = Release|Any CPU
		{29D1324E-EF5B-4E2C-A4DF-10FDD23A2AA2}.Release|Any CPU.Build.0 = Release|Any CPU
	EndGlobalSection
	GlobalSection(SolutionProperties) = preSolution
		HideSolutionNode = FALSE
	EndGlobalSection
	GlobalSection(ExtensibilityGlobals) = postSolution
		SolutionGuid = {A8376ECB-06DA-4040-811A-E2C1B24EE09A}
	EndGlobalSection
EndGlobal
